
Microsoft Visual Studio Solution File, Format Version 12.00
# Visual Studio 14
VisualStudioVersion = 14.0.24720.0
MinimumVisualStudioVersion = 10.0.40219.1
Project("{FAE04EC0-301F-11D3-BF4B-00C04F79EFBC}") = "Calc1Contract", "Calc1Contract\Calc1Contract.csproj", "{FAD736EF-5172-4630-8CBC-B70780DFE941}"
EndProject
Project("{2150E333-8FDC-42A3-9474-1A3956D46DE8}") = "Pipeline", "Pipeline", "{43C8C2C5-372D-41EA-93B8-B68B9CB7723A}"
EndProject
Project("{2150E333-8FDC-42A3-9474-1A3956D46DE8}") = "AddIns", "AddIns", "{A2B99135-4857-4B38-AECB-4F253B5635CD}"
EndProject
Project("{2150E333-8FDC-42A3-9474-1A3956D46DE8}") = "CalcV1", "CalcV1", "{452C0CC3-8A18-41D3-8907-FAB7B52C8F95}"
EndProject
Project("{2150E333-8FDC-42A3-9474-1A3956D46DE8}") = "CalcV2", "CalcV2", "{6FB31B1E-6B97-4180-96F1-6F457D182BD8}"
EndProject
Project("{2150E333-8FDC-42A3-9474-1A3956D46DE8}") = "AddInSideAdapters", "AddInSideAdapters", "{5AC5A74F-6052-42BD-ABBF-D9CD13B7443F}"
EndProject
Project("{2150E333-8FDC-42A3-9474-1A3956D46DE8}") = "AddInViews", "AddInViews", "{FC22DC66-4100-4957-BA06-29A768796F27}"
EndProject
Project("{2150E333-8FDC-42A3-9474-1A3956D46DE8}") = "Contracts", "Contracts", "{F0424A7D-1950-48F5-9EA6-C3FFD972AE94}"
EndProject
Project("{2150E333-8FDC-42A3-9474-1A3956D46DE8}") = "HostSideAdapters", "HostSideAdapters", "{0C0D47BF-8A03-4DBE-ABF3-A775268AF601}"
EndProject
Project("{FAE04EC0-301F-11D3-BF4B-00C04F79EFBC}") = "Calc1AddInView", "Calc1AddInView\Calc1AddInView.csproj", "{A1A31115-0ED4-4BD6-98B5-D7C35AB18D38}"
EndProject
Project("{FAE04EC0-301F-11D3-BF4B-00C04F79EFBC}") = "Calc1HVA", "Calc1HVA\Calc1HVA.csproj", "{AD0853FC-A5E9-4816-8324-4E4DCE107A38}"
EndProject
Project("{FAE04EC0-301F-11D3-BF4B-00C04F79EFBC}") = "Calc1AddInsideAdapter", "Calc1AddInsideAdapter\Calc1AddInsideAdapter.csproj", "{03ADA146-A433-485D-9AB9-34BEB01B8BA8}"
EndProject
Project("{FAE04EC0-301F-11D3-BF4B-00C04F79EFBC}") = "Calc1HostSideAdapter", "Calc1HostSideAdapter\Calc1HostSideAdapter.csproj", "{9277E6EA-177B-4816-A599-1C2837B75FA1}"
EndProject
Project("{FAE04EC0-301F-11D3-BF4B-00C04F79EFBC}") = "Calc1Host", "Calc1Host\Calc1Host.csproj", "{79FD3C5C-7006-41D1-B8E0-48C3B08D19F3}"
EndProject
Global
	GlobalSection(SolutionConfigurationPlatforms) = preSolution
		Debug|Any CPU = Debug|Any CPU
		Release|Any CPU = Release|Any CPU
	EndGlobalSection
	GlobalSection(ProjectConfigurationPlatforms) = postSolution
		{FAD736EF-5172-4630-8CBC-B70780DFE941}.Debug|Any CPU.ActiveCfg = Debug|Any CPU
		{FAD736EF-5172-4630-8CBC-B70780DFE941}.Debug|Any CPU.Build.0 = Debug|Any CPU
		{FAD736EF-5172-4630-8CBC-B70780DFE941}.Release|Any CPU.ActiveCfg = Release|Any CPU
		{FAD736EF-5172-4630-8CBC-B70780DFE941}.Release|Any CPU.Build.0 = Release|Any CPU
		{A1A31115-0ED4-4BD6-98B5-D7C35AB18D38}.Debug|Any CPU.ActiveCfg = Debug|Any CPU
		{A1A31115-0ED4-4BD6-98B5-D7C35AB18D38}.Debug|Any CPU.Build.0 = Debug|Any CPU
		{A1A31115-0ED4-4BD6-98B5-D7C35AB18D38}.Release|Any CPU.ActiveCfg = Release|Any CPU
		{A1A31115-0ED4-4BD6-98B5-D7C35AB18D38}.Release|Any CPU.Build.0 = Release|Any CPU
		{AD0853FC-A5E9-4816-8324-4E4DCE107A38}.Debug|Any CPU.ActiveCfg = Debug|Any CPU
		{AD0853FC-A5E9-4816-8324-4E4DCE107A38}.Debug|Any CPU.Build.0 = Debug|Any CPU
		{AD0853FC-A5E9-4816-8324-4E4DCE107A38}.Release|Any CPU.ActiveCfg = Release|Any CPU
		{AD0853FC-A5E9-4816-8324-4E4DCE107A38}.Release|Any CPU.Build.0 = Release|Any CPU
		{03ADA146-A433-485D-9AB9-34BEB01B8BA8}.Debug|Any CPU.ActiveCfg = Debug|Any CPU
		{03ADA146-A433-485D-9AB9-34BEB01B8BA8}.Debug|Any CPU.Build.0 = Debug|Any CPU
		{03ADA146-A433-485D-9AB9-34BEB01B8BA8}.Release|Any CPU.ActiveCfg = Release|Any CPU
		{03ADA146-A433-485D-9AB9-34BEB01B8BA8}.Release|Any CPU.Build.0 = Release|Any CPU
		{9277E6EA-177B-4816-A599-1C2837B75FA1}.Debug|Any CPU.ActiveCfg = Debug|Any CPU
		{9277E6EA-177B-4816-A599-1C2837B75FA1}.Debug|Any CPU.Build.0 = Debug|Any CPU
		{9277E6EA-177B-4816-A599-1C2837B75FA1}.Release|Any CPU.ActiveCfg = Release|Any CPU
		{9277E6EA-177B-4816-A599-1C2837B75FA1}.Release|Any CPU.Build.0 = Release|Any CPU
		{79FD3C5C-7006-41D1-B8E0-48C3B08D19F3}.Debug|Any CPU.ActiveCfg = Debug|Any CPU
		{79FD3C5C-7006-41D1-B8E0-48C3B08D19F3}.Debug|Any CPU.Build.0 = Debug|Any CPU
		{79FD3C5C-7006-41D1-B8E0-48C3B08D19F3}.Release|Any CPU.ActiveCfg = Release|Any CPU
		{79FD3C5C-7006-41D1-B8E0-48C3B08D19F3}.Release|Any CPU.Build.0 = Release|Any CPU
	EndGlobalSection
	GlobalSection(SolutionProperties) = preSolution
		HideSolutionNode = FALSE
	EndGlobalSection
	GlobalSection(NestedProjects) = preSolution
		{FAD736EF-5172-4630-8CBC-B70780DFE941} = {F0424A7D-1950-48F5-9EA6-C3FFD972AE94}
		{A2B99135-4857-4B38-AECB-4F253B5635CD} = {43C8C2C5-372D-41EA-93B8-B68B9CB7723A}
		{452C0CC3-8A18-41D3-8907-FAB7B52C8F95} = {A2B99135-4857-4B38-AECB-4F253B5635CD}
		{6FB31B1E-6B97-4180-96F1-6F457D182BD8} = {A2B99135-4857-4B38-AECB-4F253B5635CD}
		{5AC5A74F-6052-42BD-ABBF-D9CD13B7443F} = {43C8C2C5-372D-41EA-93B8-B68B9CB7723A}
		{FC22DC66-4100-4957-BA06-29A768796F27} = {43C8C2C5-372D-41EA-93B8-B68B9CB7723A}
		{F0424A7D-1950-48F5-9EA6-C3FFD972AE94} = {43C8C2C5-372D-41EA-93B8-B68B9CB7723A}
		{0C0D47BF-8A03-4DBE-ABF3-A775268AF601} = {43C8C2C5-372D-41EA-93B8-B68B9CB7723A}
		{A1A31115-0ED4-4BD6-98B5-D7C35AB18D38} = {FC22DC66-4100-4957-BA06-29A768796F27}
		{03ADA146-A433-485D-9AB9-34BEB01B8BA8} = {5AC5A74F-6052-42BD-ABBF-D9CD13B7443F}
		{9277E6EA-177B-4816-A599-1C2837B75FA1} = {0C0D47BF-8A03-4DBE-ABF3-A775268AF601}
	EndGlobalSection
EndGlobal
